
Microsoft Visual Studio Solution File, Format Version 12.00
# Visual Studio Version 17
VisualStudioVersion = 17.9.34701.34
MinimumVisualStudioVersion = 10.0.40219.1
Project("{FAE04EC0-301F-11D3-BF4B-00C04F79EFBC}") = "RESHtUNI", "RESHtUNI\RESHtUNI.csproj", "{A9012942-E8F7-4423-AF1E-355D7995BC11}"
	ProjectSection(ProjectDependencies) = postProject
		{C23512A1-4799-4936-A98E-F0311DBF418F} = {C23512A1-4799-4936-A98E-F0311DBF418F}
	EndProjectSection
EndProject
Project("{FAE04EC0-301F-11D3-BF4B-00C04F79EFBC}") = "Domain", "Domain\Domain.csproj", "{C23512A1-4799-4936-A98E-F0311DBF418F}"
EndProject
Project("{FAE04EC0-301F-11D3-BF4B-00C04F79EFBC}") = "TestAPI", "TestAPI\TestAPI.csproj", "{8F6F2612-362D-4B3C-B77B-CCF1D2A14463}"
	ProjectSection(ProjectDependencies) = postProject
		{C23512A1-4799-4936-A98E-F0311DBF418F} = {C23512A1-4799-4936-A98E-F0311DBF418F}
	EndProjectSection
EndProject
Global
	GlobalSection(SolutionConfigurationPlatforms) = preSolution
		Debug|Any CPU = Debug|Any CPU
		Release|Any CPU = Release|Any CPU
	EndGlobalSection
	GlobalSection(ProjectConfigurationPlatforms) = postSolution
		{A9012942-E8F7-4423-AF1E-355D7995BC11}.Debug|Any CPU.ActiveCfg = Debug|Any CPU
		{A9012942-E8F7-4423-AF1E-355D7995BC11}.Debug|Any CPU.Build.0 = Debug|Any CPU
		{A9012942-E8F7-4423-AF1E-355D7995BC11}.Debug|Any CPU.Deploy.0 = Debug|Any CPU
		{A9012942-E8F7-4423-AF1E-355D7995BC11}.Release|Any CPU.ActiveCfg = Release|Any CPU
		{A9012942-E8F7-4423-AF1E-355D7995BC11}.Release|Any CPU.Build.0 = Release|Any CPU
		{A9012942-E8F7-4423-AF1E-355D7995BC11}.Release|Any CPU.Deploy.0 = Release|Any CPU
		{C23512A1-4799-4936-A98E-F0311DBF418F}.Debug|Any CPU.ActiveCfg = Debug|Any CPU
		{C23512A1-4799-4936-A98E-F0311DBF418F}.Debug|Any CPU.Build.0 = Debug|Any CPU
		{C23512A1-4799-4936-A98E-F0311DBF418F}.Release|Any CPU.ActiveCfg = Release|Any CPU
		{C23512A1-4799-4936-A98E-F0311DBF418F}.Release|Any CPU.Build.0 = Release|Any CPU
		{8F6F2612-362D-4B3C-B77B-CCF1D2A14463}.Debug|Any CPU.ActiveCfg = Debug|Any CPU
		{8F6F2612-362D-4B3C-B77B-CCF1D2A14463}.Debug|Any CPU.Build.0 = Debug|Any CPU
		{8F6F2612-362D-4B3C-B77B-CCF1D2A14463}.Release|Any CPU.ActiveCfg = Release|Any CPU
		{8F6F2612-362D-4B3C-B77B-CCF1D2A14463}.Release|Any CPU.Build.0 = Release|Any CPU
	EndGlobalSection
	GlobalSection(SolutionProperties) = preSolution
		HideSolutionNode = FALSE
	EndGlobalSection
	GlobalSection(ExtensibilityGlobals) = postSolution
		SolutionGuid = {A75AD300-6B89-44E7-9564-4F51E7E6831F}
	EndGlobalSection
EndGlobal
